
Microsoft Visual Studio Solution File, Format Version 12.00
# Visual Studio Version 16
VisualStudioVersion = 16.0.30907.101
MinimumVisualStudioVersion = 10.0.40219.1
Project("{FAE04EC0-301F-11D3-BF4B-00C04F79EFBC}") = "Entities", "Entities\Entities.csproj", "{1B8B2376-7105-4E82-88DC-D3424C016D9A}"
EndProject
Project("{FAE04EC0-301F-11D3-BF4B-00C04F79EFBC}") = "Business", "Business\Business.csproj", "{2320AC3A-A8CC-4F89-9433-2B1B34541B78}"
EndProject
Project("{FAE04EC0-301F-11D3-BF4B-00C04F79EFBC}") = "DataAccess", "DataAccess\DataAccess.csproj", "{F2A1A958-FF53-4D04-AC67-A5715122D14F}"
EndProject
Project("{FAE04EC0-301F-11D3-BF4B-00C04F79EFBC}") = "ConsoleUI", "ConsoleUI\ConsoleUI.csproj", "{94D2FD76-4B46-45F0-9C2D-601877D96C81}"
EndProject
Global
	GlobalSection(SolutionConfigurationPlatforms) = preSolution
		Debug|Any CPU = Debug|Any CPU
		Release|Any CPU = Release|Any CPU
	EndGlobalSection
	GlobalSection(ProjectConfigurationPlatforms) = postSolution
		{1B8B2376-7105-4E82-88DC-D3424C016D9A}.Debug|Any CPU.ActiveCfg = Debug|Any CPU
		{1B8B2376-7105-4E82-88DC-D3424C016D9A}.Debug|Any CPU.Build.0 = Debug|Any CPU
		{1B8B2376-7105-4E82-88DC-D3424C016D9A}.Release|Any CPU.ActiveCfg = Release|Any CPU
		{1B8B2376-7105-4E82-88DC-D3424C016D9A}.Release|Any CPU.Build.0 = Release|Any CPU
		{2320AC3A-A8CC-4F89-9433-2B1B34541B78}.Debug|Any CPU.ActiveCfg = Debug|Any CPU
		{2320AC3A-A8CC-4F89-9433-2B1B34541B78}.Debug|Any CPU.Build.0 = Debug|Any CPU
		{2320AC3A-A8CC-4F89-9433-2B1B34541B78}.Release|Any CPU.ActiveCfg = Release|Any CPU
		{2320AC3A-A8CC-4F89-9433-2B1B34541B78}.Release|Any CPU.Build.0 = Release|Any CPU
		{F2A1A958-FF53-4D04-AC67-A5715122D14F}.Debug|Any CPU.ActiveCfg = Debug|Any CPU
		{F2A1A958-FF53-4D04-AC67-A5715122D14F}.Debug|Any CPU.Build.0 = Debug|Any CPU
		{F2A1A958-FF53-4D04-AC67-A5715122D14F}.Release|Any CPU.ActiveCfg = Release|Any CPU
		{F2A1A958-FF53-4D04-AC67-A5715122D14F}.Release|Any CPU.Build.0 = Release|Any CPU
		{94D2FD76-4B46-45F0-9C2D-601877D96C81}.Debug|Any CPU.ActiveCfg = Debug|Any CPU
		{94D2FD76-4B46-45F0-9C2D-601877D96C81}.Debug|Any CPU.Build.0 = Debug|Any CPU
		{94D2FD76-4B46-45F0-9C2D-601877D96C81}.Release|Any CPU.ActiveCfg = Release|Any CPU
		{94D2FD76-4B46-45F0-9C2D-601877D96C81}.Release|Any CPU.Build.0 = Release|Any CPU
	EndGlobalSection
	GlobalSection(SolutionProperties) = preSolution
		HideSolutionNode = FALSE
	EndGlobalSection
	GlobalSection(ExtensibilityGlobals) = postSolution
		SolutionGuid = {4C1D7A40-CD23-45DC-87CC-0AEFC424C091}
	EndGlobalSection
EndGlobal
